
Microsoft Visual Studio Solution File, Format Version 12.00
# Visual Studio 15
VisualStudioVersion = 15.0.27130.2027
MinimumVisualStudioVersion = 10.0.40219.1
Project("{FAE04EC0-301F-11D3-BF4B-00C04F79EFBC}") = "BrainfuckInterpreterCSharp", "BrainfuckInterpreterCSharp\BrainfuckInterpreterCSharp.csproj", "{2674506A-9B50-4279-9BE0-7B9A7A99D6BA}"
EndProject
Project("{FAE04EC0-301F-11D3-BF4B-00C04F79EFBC}") = "BrainfuckInterpreterCSharpStatic", "BrainfuckInterpreterCSharpStatic\BrainfuckInterpreterCSharpStatic.csproj", "{7DE8407C-CF27-45F0-9684-63BD91A2CD0C}"
EndProject
Project("{FAE04EC0-301F-11D3-BF4B-00C04F79EFBC}") = "BrainfuckExamples", "BrainfuckExamples\BrainfuckExamples.csproj", "{F5747BC8-6902-4477-9477-83F04730EB34}"
EndProject
Project("{F2A71F9B-5D33-465A-A702-920D77279786}") = "BrainfuckInterpreterFSharpStaticCopy", "BrainfuckInterpreterFSharpStaticCopy\BrainfuckInterpreterFSharpStaticCopy.fsproj", "{777AC282-7E11-4631-84A7-B74191AFDD19}"
EndProject
Global
	GlobalSection(SolutionConfigurationPlatforms) = preSolution
		Debug|Any CPU = Debug|Any CPU
		Release|Any CPU = Release|Any CPU
	EndGlobalSection
	GlobalSection(ProjectConfigurationPlatforms) = postSolution
		{2674506A-9B50-4279-9BE0-7B9A7A99D6BA}.Debug|Any CPU.ActiveCfg = Debug|Any CPU
		{2674506A-9B50-4279-9BE0-7B9A7A99D6BA}.Debug|Any CPU.Build.0 = Debug|Any CPU
		{2674506A-9B50-4279-9BE0-7B9A7A99D6BA}.Release|Any CPU.ActiveCfg = Release|Any CPU
		{2674506A-9B50-4279-9BE0-7B9A7A99D6BA}.Release|Any CPU.Build.0 = Release|Any CPU
		{7DE8407C-CF27-45F0-9684-63BD91A2CD0C}.Debug|Any CPU.ActiveCfg = Debug|Any CPU
		{7DE8407C-CF27-45F0-9684-63BD91A2CD0C}.Debug|Any CPU.Build.0 = Debug|Any CPU
		{7DE8407C-CF27-45F0-9684-63BD91A2CD0C}.Release|Any CPU.ActiveCfg = Release|Any CPU
		{7DE8407C-CF27-45F0-9684-63BD91A2CD0C}.Release|Any CPU.Build.0 = Release|Any CPU
		{F5747BC8-6902-4477-9477-83F04730EB34}.Debug|Any CPU.ActiveCfg = Debug|Any CPU
		{F5747BC8-6902-4477-9477-83F04730EB34}.Debug|Any CPU.Build.0 = Debug|Any CPU
		{F5747BC8-6902-4477-9477-83F04730EB34}.Release|Any CPU.ActiveCfg = Release|Any CPU
		{F5747BC8-6902-4477-9477-83F04730EB34}.Release|Any CPU.Build.0 = Release|Any CPU
		{777AC282-7E11-4631-84A7-B74191AFDD19}.Debug|Any CPU.ActiveCfg = Debug|Any CPU
		{777AC282-7E11-4631-84A7-B74191AFDD19}.Debug|Any CPU.Build.0 = Debug|Any CPU
		{777AC282-7E11-4631-84A7-B74191AFDD19}.Release|Any CPU.ActiveCfg = Release|Any CPU
		{777AC282-7E11-4631-84A7-B74191AFDD19}.Release|Any CPU.Build.0 = Release|Any CPU
	EndGlobalSection
	GlobalSection(SolutionProperties) = preSolution
		HideSolutionNode = FALSE
	EndGlobalSection
	GlobalSection(ExtensibilityGlobals) = postSolution
		SolutionGuid = {DA5473ED-5E6F-44FD-937C-BCBAFBB04576}
	EndGlobalSection
EndGlobal
